
Microsoft Visual Studio Solution File, Format Version 12.00
# Visual Studio Version 17
VisualStudioVersion = 17.6.33829.357
MinimumVisualStudioVersion = 10.0.40219.1
Project("{FAE04EC0-301F-11D3-BF4B-00C04F79EFBC}") = "api", "api\api.csproj", "{052EA6DA-FBD9-4341-8BC6-99180E0706E9}"
EndProject
Project("{2150E333-8FDC-42A3-9474-1A3956D46DE8}") = "Solution Items", "Solution Items", "{BB979BF2-C173-4403-AD61-67370C5D033A}"
	ProjectSection(SolutionItems) = preProject
		BlogPost.cs = BlogPost.cs
	EndProjectSection
EndProject
Global
	GlobalSection(SolutionConfigurationPlatforms) = preSolution
		Debug|Any CPU = Debug|Any CPU
		Release|Any CPU = Release|Any CPU
	EndGlobalSection
	GlobalSection(ProjectConfigurationPlatforms) = postSolution
		{052EA6DA-FBD9-4341-8BC6-99180E0706E9}.Debug|Any CPU.ActiveCfg = Debug|Any CPU
		{052EA6DA-FBD9-4341-8BC6-99180E0706E9}.Debug|Any CPU.Build.0 = Debug|Any CPU
		{052EA6DA-FBD9-4341-8BC6-99180E0706E9}.Release|Any CPU.ActiveCfg = Release|Any CPU
		{052EA6DA-FBD9-4341-8BC6-99180E0706E9}.Release|Any CPU.Build.0 = Release|Any CPU
	EndGlobalSection
	GlobalSection(SolutionProperties) = preSolution
		HideSolutionNode = FALSE
	EndGlobalSection
	GlobalSection(ExtensibilityGlobals) = postSolution
		SolutionGuid = {FB2C5E3E-9FBD-442E-93A2-134964E3A390}
	EndGlobalSection
EndGlobal
